
Microsoft Visual Studio Solution File, Format Version 12.00
# Visual Studio Version 17
VisualStudioVersion = 17.1.32228.430
MinimumVisualStudioVersion = 10.0.40219.1
Project("{FAE04EC0-301F-11D3-BF4B-00C04F79EFBC}") = "Nomina", "Nomina\Nomina.csproj", "{50838322-2950-431E-97CC-20F8F65B85BA}"
EndProject
Project("{FAE04EC0-301F-11D3-BF4B-00C04F79EFBC}") = "Nomina2", "Nomina2\Nomina2.csproj", "{7B5BF5F8-9093-4EA0-BE99-5A7DD949A553}"
EndProject
Global
	GlobalSection(SolutionConfigurationPlatforms) = preSolution
		Debug|Any CPU = Debug|Any CPU
		Release|Any CPU = Release|Any CPU
	EndGlobalSection
	GlobalSection(ProjectConfigurationPlatforms) = postSolution
		{50838322-2950-431E-97CC-20F8F65B85BA}.Debug|Any CPU.ActiveCfg = Debug|Any CPU
		{50838322-2950-431E-97CC-20F8F65B85BA}.Debug|Any CPU.Build.0 = Debug|Any CPU
		{50838322-2950-431E-97CC-20F8F65B85BA}.Release|Any CPU.ActiveCfg = Release|Any CPU
		{50838322-2950-431E-97CC-20F8F65B85BA}.Release|Any CPU.Build.0 = Release|Any CPU
		{7B5BF5F8-9093-4EA0-BE99-5A7DD949A553}.Debug|Any CPU.ActiveCfg = Debug|Any CPU
		{7B5BF5F8-9093-4EA0-BE99-5A7DD949A553}.Debug|Any CPU.Build.0 = Debug|Any CPU
		{7B5BF5F8-9093-4EA0-BE99-5A7DD949A553}.Release|Any CPU.ActiveCfg = Release|Any CPU
		{7B5BF5F8-9093-4EA0-BE99-5A7DD949A553}.Release|Any CPU.Build.0 = Release|Any CPU
	EndGlobalSection
	GlobalSection(SolutionProperties) = preSolution
		HideSolutionNode = FALSE
	EndGlobalSection
	GlobalSection(ExtensibilityGlobals) = postSolution
		SolutionGuid = {4288493C-153E-4CEC-846D-C4C0CD9975F0}
	EndGlobalSection
EndGlobal
